
Microsoft Visual Studio Solution File, Format Version 12.00
# Visual Studio Version 17
VisualStudioVersion = 17.9.34723.18
MinimumVisualStudioVersion = 10.0.40219.1
Project("{FAE04EC0-301F-11D3-BF4B-00C04F79EFBC}") = "ModelLayer", "ModelLayer\ModelLayer.csproj", "{E0CB368A-60A9-47E5-8672-AA1E6E23FBC9}"
EndProject
Global
	GlobalSection(SolutionConfigurationPlatforms) = preSolution
		Debug|Any CPU = Debug|Any CPU
		Release|Any CPU = Release|Any CPU
	EndGlobalSection
	GlobalSection(ProjectConfigurationPlatforms) = postSolution
		{E0CB368A-60A9-47E5-8672-AA1E6E23FBC9}.Debug|Any CPU.ActiveCfg = Debug|Any CPU
		{E0CB368A-60A9-47E5-8672-AA1E6E23FBC9}.Debug|Any CPU.Build.0 = Debug|Any CPU
		{E0CB368A-60A9-47E5-8672-AA1E6E23FBC9}.Release|Any CPU.ActiveCfg = Release|Any CPU
		{E0CB368A-60A9-47E5-8672-AA1E6E23FBC9}.Release|Any CPU.Build.0 = Release|Any CPU
	EndGlobalSection
	GlobalSection(SolutionProperties) = preSolution
		HideSolutionNode = FALSE
	EndGlobalSection
	GlobalSection(ExtensibilityGlobals) = postSolution
		SolutionGuid = {A757E642-76EE-4A67-AA90-76A5BA706ED0}
	EndGlobalSection
EndGlobal
